
Microsoft Visual Studio Solution File, Format Version 12.00
Project("{FAE04EC0-301F-11D3-BF4B-00C04F79EFBC}") = "NSExt", "NSExt\NSExt.csproj", "{54814D1B-C587-4D90-A7BE-4BE1E170D5FC}"
EndProject
Global
	GlobalSection(SolutionConfigurationPlatforms) = preSolution
		Debug|Any CPU = Debug|Any CPU
		Release|Any CPU = Release|Any CPU
	EndGlobalSection
	GlobalSection(ProjectConfigurationPlatforms) = postSolution
		{54814D1B-C587-4D90-A7BE-4BE1E170D5FC}.Debug|Any CPU.ActiveCfg = Debug|Any CPU
		{54814D1B-C587-4D90-A7BE-4BE1E170D5FC}.Debug|Any CPU.Build.0 = Debug|Any CPU
		{54814D1B-C587-4D90-A7BE-4BE1E170D5FC}.Release|Any CPU.ActiveCfg = Release|Any CPU
		{54814D1B-C587-4D90-A7BE-4BE1E170D5FC}.Release|Any CPU.Build.0 = Release|Any CPU
	EndGlobalSection
EndGlobal
